// !$*UTF8*$!
{
	archiveVersion = 1;
	classes = {
	};
	objectVersion = 50;
	objects = {

/* Begin PBXBuildFile section */
		B4139CB927C7A3BD00E6DB4E /* AppDelegate.swift in Sources */ = {isa = PBXBuildFile; fileRef = B4139CB827C7A3BD00E6DB4E /* AppDelegate.swift */; };
		B4139CBB27C7A3BD00E6DB4E /* SceneDelegate.swift in Sources */ = {isa = PBXBuildFile; fileRef = B4139CBA27C7A3BD00E6DB4E /* SceneDelegate.swift */; };
		B4139CBD27C7A3BD00E6DB4E /* ViewController.swift in Sources */ = {isa = PBXBuildFile; fileRef = B4139CBC27C7A3BD00E6DB4E /* ViewController.swift */; };
		B4139CC027C7A3BD00E6DB4E /* Main.storyboard in Resources */ = {isa = PBXBuildFile; fileRef = B4139CBE27C7A3BD00E6DB4E /* Main.storyboard */; };
		B4139CC227C7A3BF00E6DB4E /* Assets.xcassets in Resources */ = {isa = PBXBuildFile; fileRef = B4139CC127C7A3BF00E6DB4E /* Assets.xcassets */; };
		B4139CC527C7A3BF00E6DB4E /* LaunchScreen.storyboard in Resources */ = {isa = PBXBuildFile; fileRef = B4139CC327C7A3BF00E6DB4E /* LaunchScreen.storyboard */; };
/* End PBXBuildFile section */

/* Begin PBXFileReference section */
		B4139CB527C7A3BD00E6DB4E /* SumOrValueIs20.app */ = {isa = PBXFileReference; explicitFileType = wrapper.application; includeInIndex = 0; path = SumOrValueIs20.app; sourceTree = BUILT_PRODUCTS_DIR; };
		B4139CB827C7A3BD00E6DB4E /* AppDelegate.swift */ = {isa = PBXFileReference; lastKnownFileType = sourcecode.swift; path = AppDelegate.swift; sourceTree = "<group>"; };
		B4139CBA27C7A3BD00E6DB4E /* SceneDelegate.swift */ = {isa = PBXFileReference; lastKnownFileType = sourcecode.swift; path = SceneDelegate.swift; sourceTree = "<group>"; };
		B4139CBC27C7A3BD00E6DB4E /* ViewController.swift */ = {isa = PBXFileReference; lastKnownFileType = sourcecode.swift; path = ViewController.swift; sourceTree = "<group>"; };
		B4139CBF27C7A3BD00E6DB4E /* Base */ = {isa = PBXFileReference; lastKnownFileType = file.storyboard; name = Base; path = Base.lproj/Main.storyboard; sourceTree = "<group>"; };
		B4139CC127C7A3BF00E6DB4E /* Assets.xcassets */ = {isa = PBXFileReference; lastKnownFileType = folder.assetcatalog; path = Assets.xcassets; sourceTree = "<group>"; };
		B4139CC427C7A3BF00E6DB4E /* Base */ = {isa = PBXFileReference; lastKnownFileType = file.storyboard; name = Base; path = Base.lproj/LaunchScreen.storyboard; sourceTree = "<group>"; };
		B4139CC627C7A3BF00E6DB4E /* Info.plist */ = {isa = PBXFileReference; lastKnownFileType = text.plist.xml; path = Info.plist; sourceTree = "<group>"; };
/* End PBXFileReference section */

/* Begin PBXFrameworksBuildPhase section */
		B4139CB227C7A3BD00E6DB4E /* Frameworks */ = {
			isa = PBXFrameworksBuildPhase;
			buildActionMask = 2147483647;
			files = (
			);
			runOnlyForDeploymentPostprocessing = 0;
		};
/* End PBXFrameworksBuildPhase section */

/* Begin PBXGroup section */
		B4139CAC27C7A3BD00E6DB4E = {
			isa = PBXGroup;
			children = (
				B4139CB727C7A3BD00E6DB4E /* SumOrValueIs20 */,
				B4139CB627C7A3BD00E6DB4E /* Products */,
			);
			sourceTree = "<group>";
		};
		B4139CB627C7A3BD00E6DB4E /* Products */ = {
			isa = PBXGroup;
			children = (
				B4139CB527C7A3BD00E6DB4E /* SumOrValueIs20.app */,
			);
			name = Products;
			sourceTree = "<group>";
		};
		B4139CB727C7A3BD00E6DB4E /* SumOrValueIs20 */ = {
			isa = PBXGroup;
			children = (
				B4139CB827C7A3BD00E6DB4E /* AppDelegate.swift */,
				B4139CBA27C7A3BD00E6DB4E /* SceneDelegate.swift */,
				B4139CBC27C7A3BD00E6DB4E /* ViewController.swift */,
				B4139CBE27C7A3BD00E6DB4E /* Main.storyboard */,
				B4139CC127C7A3BF00E6DB4E /* Assets.xcassets */,
				B4139CC327C7A3BF00E6DB4E /* LaunchScreen.storyboard */,
				B4139CC627C7A3BF00E6DB4E /* Info.plist */,
			);
			path = SumOrValueIs20;
			sourceTree = "<group>";
		};
/* End PBXGroup section */

/* Begin PBXNativeTarget section */
		B4139CB427C7A3BD00E6DB4E /* SumOrValueIs20 */ = {
			isa = PBXNativeTarget;
			buildConfigurationList = B4139CC927C7A3BF00E6DB4E /* Build configuration list for PBXNativeTarget "SumOrValueIs20" */;
			buildPhases = (
				B4139CB127C7A3BD00E6DB4E /* Sources */,
				B4139CB227C7A3BD00E6DB4E /* Frameworks */,
				B4139CB327C7A3BD00E6DB4E /* Resources */,
			);
			buildRules = (
			);
			dependencies = (
			);
			name = SumOrValueIs20;
			productName = SumOrValueIs20;
			productReference = B4139CB527C7A3BD00E6DB4E /* SumOrValueIs20.app */;
			productType = "com.apple.product-type.application";
		};
/* End PBXNativeTarget section */

/* Begin PBXProject section */
		B4139CAD27C7A3BD00E6DB4E /* Project object */ = {
			isa = PBXProject;
			attributes = {
				LastSwiftUpdateCheck = 1250;
				LastUpgradeCheck = 1250;
				TargetAttributes = {
					B4139CB427C7A3BD00E6DB4E = {
						CreatedOnToolsVersion = 12.5.1;
					};
				};
			};
			buildConfigurationList = B4139CB027C7A3BD00E6DB4E /* Build configuration list for PBXProject "SumOrValueIs20" */;
			compatibilityVersion = "Xcode 9.3";
			developmentRegion = en;
			hasScannedForEncodings = 0;
			knownRegions = (
				en,
				Base,
			);
			mainGroup = B4139CAC27C7A3BD00E6DB4E;
			productRefGroup = B4139CB627C7A3BD00E6DB4E /* Products */;
			projectDirPath = "";
			projectRoot = "";
			targets = (
				B4139CB427C7A3BD00E6DB4E /* SumOrValueIs20 */,
			);
		};
/* End PBXProject section */

/* Begin PBXResourcesBuildPhase section */
		B4139CB327C7A3BD00E6DB4E /* Resources */ = {
			isa = PBXResourcesBuildPhase;
			buildActionMask = 2147483647;
			files = (
				B4139CC527C7A3BF00E6DB4E /* LaunchScreen.storyboard in Resources */,
				B4139CC227C7A3BF00E6DB4E /* Assets.xcassets in Resources */,
				B4139CC027C7A3BD00E6DB4E /* Main.storyboard in Resources */,
			);
			runOnlyForDeploymentPostprocessing = 0;
		};
/* End PBXResourcesBuildPhase section */

/* Begin PBXSourcesBuildPhase section */
		B4139CB127C7A3BD00E6DB4E /* Sources */ = {
			isa = PBXSourcesBuildPhase;
			buildActionMask = 2147483647;
			files = (
				B4139CBD27C7A3BD00E6DB4E /* ViewController.swift in Sources */,
				B4139CB927C7A3BD00E6DB4E /* AppDelegate.swift in Sources */,
				B4139CBB27C7A3BD00E6DB4E /* SceneDelegate.swift in Sources */,
			);
			runOnlyForDeploymentPostprocessing = 0;
		};
/* End PBXSourcesBuildPhase section */

/* Begin PBXVariantGroup section */
		B4139CBE27C7A3BD00E6DB4E /* Main.storyboard */ = {
			isa = PBXVariantGroup;
			children = (
				B4139CBF27C7A3BD00E6DB4E /* Base */,
			);
			name = Main.storyboard;
			sourceTree = "<group>";
		};
		B4139CC327C7A3BF00E6DB4E /* LaunchScreen.storyboard */ = {
			isa = PBXVariantGroup;
			children = (
				B4139CC427C7A3BF00E6DB4E /* Base */,
			);
			name = LaunchScreen.storyboard;
			sourceTree = "<group>";
		};
/* End PBXVariantGroup section */

/* Begin XCBuildConfiguration section */
		B4139CC727C7A3BF00E6DB4E /* Debug */ = {
			isa = XCBuildConfiguration;
			buildSettings = {
				ALWAYS_SEARCH_USER_PATHS = NO;
				CLANG_ANALYZER_NONNULL = YES;
				CLANG_ANALYZER_NUMBER_OBJECT_CONVERSION = YES_AGGRESSIVE;
				CLANG_CXX_LANGUAGE_STANDARD = "gnu++14";
				CLANG_CXX_LIBRARY = "libc++";
				CLANG_ENABLE_MODULES = YES;
				CLANG_ENABLE_OBJC_ARC = YES;
				CLANG_ENABLE_OBJC_WEAK = YES;
				CLANG_WARN_BLOCK_CAPTURE_AUTORELEASING = YES;
				CLANG_WARN_BOOL_CONVERSION = YES;
				CLANG_WARN_COMMA = YES;
				CLANG_WARN_CONSTANT_CONVERSION = YES;
				CLANG_WARN_DEPRECATED_OBJC_IMPLEMENTATIONS = YES;
				CLANG_WARN_DIRECT_OBJC_ISA_USAGE = YES_ERROR;
				CLANG_WARN_DOCUMENTATION_COMMENTS = YES;
				CLANG_WARN_EMPTY_BODY = YES;
				CLANG_WARN_ENUM_CONVERSION = YES;
				CLANG_WARN_INFINITE_RECURSION = YES;
				CLANG_WARN_INT_CONVERSION = YES;
				CLANG_WARN_NON_LITERAL_NULL_CONVERSION = YES;
				CLANG_WARN_OBJC_IMPLICIT_RETAIN_SELF = YES;
				CLANG_WARN_OBJC_LITERAL_CONVERSION = YES;
				CLANG_WARN_OBJC_ROOT_CLASS = YES_ERROR;
				CLANG_WARN_QUOTED_INCLUDE_IN_FRAMEWORK_HEADER = YES;
				CLANG_WARN_RANGE_LOOP_ANALYSIS = YES;
				CLANG_WARN_STRICT_PROTOTYPES = YES;
				CLANG_WARN_SUSPICIOUS_MOVE = YES;
				CLANG_WARN_UNGUARDED_AVAILABILITY = YES_AGGRESSIVE;
				CLANG_WARN_UNREACHABLE_CODE = YES;
				CLANG_WARN__DUPLICATE_METHOD_MATCH = YES;
				COPY_PHASE_STRIP = NO;
				DEBUG_INFORMATION_FORMAT = dwarf;
				ENABLE_STRICT_OBJC_MSGSEND = YES;
				ENABLE_TESTABILITY = YES;
				GCC_C_LANGUAGE_STANDARD = gnu11;
				GCC_DYNAMIC_NO_PIC = NO;
				GCC_NO_COMMON_BLOCKS = YES;
				GCC_OPTIMIZATION_LEVEL = 0;
				GCC_PREPROCESSOR_DEFINITIONS = (
					"DEBUG=1",
					"$(inherited)",
				);
				GCC_WARN_64_TO_32_BIT_CONVERSION = YES;
				GCC_WARN_ABOUT_RETURN_TYPE = YES_ERROR;
				GCC_WARN_UNDECLARED_SELECTOR = YES;
				GCC_WARN_UNINITIALIZED_AUTOS = YES_AGGRESSIVE;
				GCC_WARN_UNUSED_FUNCTION = YES;
				GCC_WARN_UNUSED_VARIABLE = YES;
				IPHONEOS_DEPLOYMENT_TARGET = 14.5;
				MTL_ENABLE_DEBUG_INFO = INCLUDE_SOURCE;
				MTL_FAST_MATH = YES;
				ONLY_ACTIVE_ARCH = YES;
				SDKROOT = iphoneos;
				SWIFT_ACTIVE_COMPILATION_CONDITIONS = DEBUG;
				SWIFT_OPTIMIZATION_LEVEL = "-Onone";
			};
			name = Debug;
		};
		B4139CC827C7A3BF00E6DB4E /* Release */ = {
			isa = XCBuildConfiguration;
			buildSettings = {
				ALWAYS_SEARCH_USER_PATHS = NO;
				CLANG_ANALYZER_NONNULL = YES;
				CLANG_ANALYZER_NUMBER_OBJECT_CONVERSION = YES_AGGRESSIVE;
				CLANG_CXX_LANGUAGE_STANDARD = "gnu++14";
				CLANG_CXX_LIBRARY = "libc++";
				CLANG_ENABLE_MODULES = YES;
				CLANG_ENABLE_OBJC_ARC = YES;
				CLANG_ENABLE_OBJC_WEAK = YES;
				CLANG_WARN_BLOCK_CAPTURE_AUTORELEASING = YES;
				CLANG_WARN_BOOL_CONVERSION = YES;
				CLANG_WARN_COMMA = YES;
				CLANG_WARN_CONSTANT_CONVERSION = YES;
				CLANG_WARN_DEPRECATED_OBJC_IMPLEMENTATIONS = YES;
				CLANG_WARN_DIRECT_OBJC_ISA_USAGE = YES_ERROR;
				CLANG_WARN_DOCUMENTATION_COMMENTS = YES;
				CLANG_WARN_EMPTY_BODY = YES;
				CLANG_WARN_ENUM_CONVERSION = YES;
				CLANG_WARN_INFINITE_RECURSION = YES;
				CLANG_WARN_INT_CONVERSION = YES;
				CLANG_WARN_NON_LITERAL_NULL_CONVERSION = YES;
				CLANG_WARN_OBJC_IMPLICIT_RETAIN_SELF = YES;
				CLANG_WARN_OBJC_LITERAL_CONVERSION = YES;
				CLANG_WARN_OBJC_ROOT_CLASS = YES_ERROR;
				CLANG_WARN_QUOTED_INCLUDE_IN_FRAMEWORK_HEADER = YES;
				CLANG_WARN_RANGE_LOOP_ANALYSIS = YES;
				CLANG_WARN_STRICT_PROTOTYPES = YES;
				CLANG_WARN_SUSPICIOUS_MOVE = YES;
				CLANG_WARN_UNGUARDED_AVAILABILITY = YES_AGGRESSIVE;
				CLANG_WARN_UNREACHABLE_CODE = YES;
				CLANG_WARN__DUPLICATE_METHOD_MATCH = YES;
				COPY_PHASE_STRIP = NO;
				DEBUG_INFORMATION_FORMAT = "dwarf-with-dsym";
				ENABLE_NS_ASSERTIONS = NO;
				ENABLE_STRICT_OBJC_MSGSEND = YES;
				GCC_C_LANGUAGE_STANDARD = gnu11;
				GCC_NO_COMMON_BLOCKS = YES;
				GCC_WARN_64_TO_32_BIT_CONVERSION = YES;
				GCC_WARN_ABOUT_RETURN_TYPE = YES_ERROR;
				GCC_WARN_UNDECLARED_SELECTOR = YES;
				GCC_WARN_UNINITIALIZED_AUTOS = YES_AGGRESSIVE;
				GCC_WARN_UNUSED_FUNCTION = YES;
				GCC_WARN_UNUSED_VARIABLE = YES;
				IPHONEOS_DEPLOYMENT_TARGET = 14.5;
				MTL_ENABLE_DEBUG_INFO = NO;
				MTL_FAST_MATH = YES;
				SDKROOT = iphoneos;
				SWIFT_COMPILATION_MODE = wholemodule;
				SWIFT_OPTIMIZATION_LEVEL = "-O";
				VALIDATE_PRODUCT = YES;
			};
			name = Release;
		};
		B4139CCA27C7A3BF00E6DB4E /* Debug */ = {
			isa = XCBuildConfiguration;
			buildSettings = {
				ASSETCATALOG_COMPILER_APPICON_NAME = AppIcon;
				ASSETCATALOG_COMPILER_GLOBAL_ACCENT_COLOR_NAME = AccentColor;
				CODE_SIGN_STYLE = Automatic;
				INFOPLIST_FILE = SumOrValueIs20/Info.plist;
				LD_RUNPATH_SEARCH_PATHS = (
					"$(inherited)",
					"@executable_path/Frameworks",
				);
				PRODUCT_BUNDLE_IDENTIFIER = com.ashwini.SumOrValueIs20;
				PRODUCT_NAME = "$(TARGET_NAME)";
				SWIFT_VERSION = 5.0;
				TARGETED_DEVICE_FAMILY = "1,2";
			};
			name = Debug;
		};
		B4139CCB27C7A3BF00E6DB4E /* Release */ = {
			isa = XCBuildConfiguration;
			buildSettings = {
				ASSETCATALOG_COMPILER_APPICON_NAME = AppIcon;
				ASSETCATALOG_COMPILER_GLOBAL_ACCENT_COLOR_NAME = AccentColor;
				CODE_SIGN_STYLE = Automatic;
				INFOPLIST_FILE = SumOrValueIs20/Info.plist;
				LD_RUNPATH_SEARCH_PATHS = (
					"$(inherited)",
					"@executable_path/Frameworks",
				);
				PRODUCT_BUNDLE_IDENTIFIER = com.ashwini.SumOrValueIs20;
				PRODUCT_NAME = "$(TARGET_NAME)";
				SWIFT_VERSION = 5.0;
				TARGETED_DEVICE_FAMILY = "1,2";
			};
			name = Release;
		};
/* End XCBuildConfiguration section */

/* Begin XCConfigurationList section */
		B4139CB027C7A3BD00E6DB4E /* Build configuration list for PBXProject "SumOrValueIs20" */ = {
			isa = XCConfigurationList;
			buildConfigurations = (
				B4139CC727C7A3BF00E6DB4E /* Debug */,
				B4139CC827C7A3BF00E6DB4E /* Release */,
			);
			defaultConfigurationIsVisible = 0;
			defaultConfigurationName = Release;
		};
		B4139CC927C7A3BF00E6DB4E /* Build configuration list for PBXNativeTarget "SumOrValueIs20" */ = {
			isa = XCConfigurationList;
			buildConfigurations = (
				B4139CCA27C7A3BF00E6DB4E /* Debug */,
				B4139CCB27C7A3BF00E6DB4E /* Release */,
			);
			defaultConfigurationIsVisible = 0;
			defaultConfigurationName = Release;
		};
/* End XCConfigurationList section */
	};
	rootObject = B4139CAD27C7A3BD00E6DB4E /* Project object */;
}
